
Microsoft Visual Studio Solution File, Format Version 12.00
# Visual Studio Version 17
VisualStudioVersion = 17.10.34818.151
MinimumVisualStudioVersion = 10.0.40219.1
Project("{FAE04EC0-301F-11D3-BF4B-00C04F79EFBC}") = "ChainOfResp", "ChainOfResp\ChainOfResp.csproj", "{D5F8A02A-0A39-4AC9-B884-DD2FCD437BED}"
EndProject
Global
	GlobalSection(SolutionConfigurationPlatforms) = preSolution
		Debug|Any CPU = Debug|Any CPU
		Release|Any CPU = Release|Any CPU
	EndGlobalSection
	GlobalSection(ProjectConfigurationPlatforms) = postSolution
		{D5F8A02A-0A39-4AC9-B884-DD2FCD437BED}.Debug|Any CPU.ActiveCfg = Debug|Any CPU
		{D5F8A02A-0A39-4AC9-B884-DD2FCD437BED}.Debug|Any CPU.Build.0 = Debug|Any CPU
		{D5F8A02A-0A39-4AC9-B884-DD2FCD437BED}.Release|Any CPU.ActiveCfg = Release|Any CPU
		{D5F8A02A-0A39-4AC9-B884-DD2FCD437BED}.Release|Any CPU.Build.0 = Release|Any CPU
	EndGlobalSection
	GlobalSection(SolutionProperties) = preSolution
		HideSolutionNode = FALSE
	EndGlobalSection
	GlobalSection(ExtensibilityGlobals) = postSolution
		SolutionGuid = {D96B3AA8-162F-4D74-9B58-F989AC162B27}
	EndGlobalSection
EndGlobal
